
Microsoft Visual Studio Solution File, Format Version 12.00
# Visual Studio Version 17
VisualStudioVersion = 17.13.35828.75 d17.13
MinimumVisualStudioVersion = 10.0.40219.1
Project("{FAE04EC0-301F-11D3-BF4B-00C04F79EFBC}") = "SocketWPF", "SocketWPF.csproj", "{38604945-41BF-431F-928B-BDFE4D9AC7D7}"
EndProject
Global
	GlobalSection(SolutionConfigurationPlatforms) = preSolution
		Debug|Any CPU = Debug|Any CPU
		Release|Any CPU = Release|Any CPU
	EndGlobalSection
	GlobalSection(ProjectConfigurationPlatforms) = postSolution
		{38604945-41BF-431F-928B-BDFE4D9AC7D7}.Debug|Any CPU.ActiveCfg = Debug|Any CPU
		{38604945-41BF-431F-928B-BDFE4D9AC7D7}.Debug|Any CPU.Build.0 = Debug|Any CPU
		{38604945-41BF-431F-928B-BDFE4D9AC7D7}.Release|Any CPU.ActiveCfg = Release|Any CPU
		{38604945-41BF-431F-928B-BDFE4D9AC7D7}.Release|Any CPU.Build.0 = Release|Any CPU
	EndGlobalSection
	GlobalSection(SolutionProperties) = preSolution
		HideSolutionNode = FALSE
	EndGlobalSection
	GlobalSection(ExtensibilityGlobals) = postSolution
		SolutionGuid = {AFECA643-C7CC-489C-9235-75539B6B7CF7}
	EndGlobalSection
EndGlobal
